
Microsoft Visual Studio Solution File, Format Version 12.00
# Visual Studio Version 17
VisualStudioVersion = 17.13.35825.156 d17.13
MinimumVisualStudioVersion = 10.0.40219.1
Project("{FAE04EC0-301F-11D3-BF4B-00C04F79EFBC}") = "JeevesCore", "JeevesCore\JeevesCore.csproj", "{099D2D75-BA70-4AA8-8B4D-F2F5C85F3DB1}"
EndProject
Project("{2150E333-8FDC-42A3-9474-1A3956D46DE8}") = "Personas", "Personas", "{02EA681E-C7D8-13C7-8484-4AC65E1B71E8}"
	ProjectSection(SolutionItems) = preProject
		JeevesCore\matthew.md = JeevesCore\matthew.md
		JeevesCore\Nerd.md = JeevesCore\Nerd.md
		JeevesCore\oracle.md = JeevesCore\oracle.md
		JeevesCore\rick.md = JeevesCore\rick.md
		JeevesCore\vulcan.md = JeevesCore\vulcan.md
	EndProjectSection
EndProject
Project("{2150E333-8FDC-42A3-9474-1A3956D46DE8}") = "History", "History", "{D76920A9-319F-465E-8DEF-2AFBD1DFDFAB}"
	ProjectSection(SolutionItems) = preProject
		JeevesCore\conversations.json = JeevesCore\conversations.json
	EndProjectSection
EndProject
Project("{2150E333-8FDC-42A3-9474-1A3956D46DE8}") = "Docs", "Docs", "{C90B99EF-F01B-4CFE-833E-A6D847EFA16F}"
	ProjectSection(SolutionItems) = preProject
		JeevesCore\instructions.md = JeevesCore\instructions.md
	EndProjectSection
EndProject
Global
	GlobalSection(SolutionConfigurationPlatforms) = preSolution
		Debug|Any CPU = Debug|Any CPU
		Release|Any CPU = Release|Any CPU
	EndGlobalSection
	GlobalSection(ProjectConfigurationPlatforms) = postSolution
		{099D2D75-BA70-4AA8-8B4D-F2F5C85F3DB1}.Debug|Any CPU.ActiveCfg = Debug|Any CPU
		{099D2D75-BA70-4AA8-8B4D-F2F5C85F3DB1}.Debug|Any CPU.Build.0 = Debug|Any CPU
		{099D2D75-BA70-4AA8-8B4D-F2F5C85F3DB1}.Release|Any CPU.ActiveCfg = Release|Any CPU
		{099D2D75-BA70-4AA8-8B4D-F2F5C85F3DB1}.Release|Any CPU.Build.0 = Release|Any CPU
	EndGlobalSection
	GlobalSection(SolutionProperties) = preSolution
		HideSolutionNode = FALSE
	EndGlobalSection
	GlobalSection(ExtensibilityGlobals) = postSolution
		SolutionGuid = {224CB405-951F-4DE5-8E6B-5BA1EFE7440B}
	EndGlobalSection
EndGlobal
